<?xml version="1.0" encoding="utf-8"?>
<Project ToolsVersion="4.0" xmlns="http://schemas.microsoft.com/developer/msbuild/2003">
  <ItemGroup>
    <ClCompile Include="graphics\tg_vulkan.c" />
    <ClCompile Include="math\tg_vec2f.c" />
    <ClCompile Include="math\tg_vec3f.c" />
    <ClCompile Include="math\tg_vec4f.c" />
    <ClCompile Include="platform\tg_allocator.c" />
    <ClCompile Include="platform\tg_win32_platform.c" />
    <ClCompile Include="util\tg_file_io.c" />
    <ClCompile Include="math\tg_algorithm.c" />
    <ClCompile Include="math\tg_mat3f.c" />
    <ClCompile Include="math\tg_mat4f.c" />
  </ItemGroup>
  <ItemGroup>
    <ClInclude Include="tg_common.h" />
    <ClInclude Include="graphics\tg_vertex.h" />
    <ClInclude Include="graphics\tg_vulkan.h" />
    <ClInclude Include="math\tg_mat4f.h" />
    <ClInclude Include="math\tg_vec2f.h" />
    <ClInclude Include="math\tg_vec3f.h" />
    <ClInclude Include="math\tg_vec4f.h" />
    <ClInclude Include="platform\tg_allocator.h" />
    <ClInclude Include="platform\tg_platform.h" />
    <ClInclude Include="util\tg_file_io.h" />
    <ClInclude Include="math\tg_algorithm.h" />
    <ClInclude Include="math\tg_mat3f.h" />
    <ClInclude Include="math\tg_math_defines.h" />
  </ItemGroup>
  <ItemGroup>
    <None Include="tg.ruleset" />
    <None Include="assets\shaders\frag.spv" />
    <None Include="assets\shaders\shader.frag" />
    <None Include="assets\shaders\shader.vert" />
    <None Include="assets\shaders\vert.spv" />
  </ItemGroup>
</Project>